// !$*UTF8*$!
{
	archiveVersion = 1;
	classes = {
	};
	objectVersion = 46;
	objects = {

/* Begin PBXBuildFile section */
		051DA1BC1CAF26C40065AF5C /* RPerteChargeUniteCalcul.m in Sources */ = {isa = PBXBuildFile; fileRef = 051DA1BB1CAF26C40065AF5C /* RPerteChargeUniteCalcul.m */; };
		054DBD651E53670B00503892 /* RRendementProduction.m in Sources */ = {isa = PBXBuildFile; fileRef = 054DBD641E53670B00503892 /* RRendementProduction.m */; };
		055332D31C9E030C00BABFB7 /* main.m in Sources */ = {isa = PBXBuildFile; fileRef = 055332D21C9E030C00BABFB7 /* main.m */; };
		055332DE1C9E09A600BABFB7 /* RTubes.m in Sources */ = {isa = PBXBuildFile; fileRef = 055332DD1C9E09A600BABFB7 /* RTubes.m */; };
		055332E61CA009E700BABFB7 /* RDataMatrial.m in Sources */ = {isa = PBXBuildFile; fileRef = 055332E41CA009E700BABFB7 /* RDataMatrial.m */; };
		055332EB1CA00DAA00BABFB7 /* RConductivity.m in Sources */ = {isa = PBXBuildFile; fileRef = 055332EA1CA00DAA00BABFB7 /* RConductivity.m */; };
		055F3EDF1CADBED0007B3664 /* RMasseVolumiqueViscosite.m in Sources */ = {isa = PBXBuildFile; fileRef = 055F3EDC1CADBED0007B3664 /* RMasseVolumiqueViscosite.m */; };
		055F3EE01CADBED0007B3664 /* RPerteChargeAccident.m in Sources */ = {isa = PBXBuildFile; fileRef = 055F3EDE1CADBED0007B3664 /* RPerteChargeAccident.m */; };
		055F3F021CAE6B28007B3664 /* RTempExtZone.m in Sources */ = {isa = PBXBuildFile; fileRef = 055F3F011CAE6B28007B3664 /* RTempExtZone.m */; };
		055F3F091CAE6C1C007B3664 /* RDepartementTemperatureExt.m in Sources */ = {isa = PBXBuildFile; fileRef = 055F3F061CAE6C1C007B3664 /* RDepartementTemperatureExt.m */; };
		057DF3CA1E46821A006E443C /* RCoefficientG.m in Sources */ = {isa = PBXBuildFile; fileRef = 057DF3C91E46821A006E443C /* RCoefficientG.m */; };
		05B20F191CC6AB0200F94E4D /* RRegimeDimensionnement.m in Sources */ = {isa = PBXBuildFile; fileRef = 05B20F161CC6AB0200F94E4D /* RRegimeDimensionnement.m */; };
		05B20F1A1CC6AB0200F94E4D /* RTypeRadiateur.m in Sources */ = {isa = PBXBuildFile; fileRef = 05B20F181CC6AB0200F94E4D /* RTypeRadiateur.m */; };
		05EFCD9F1DCCB56F00FCF034 /* RCoefficientMajorationBatiment.m in Sources */ = {isa = PBXBuildFile; fileRef = 05EFCD9E1DCCB56F00FCF034 /* RCoefficientMajorationBatiment.m */; };
		05FBE3E61D2D2B8F007B42F8 /* RDegreJourUnifie.m in Sources */ = {isa = PBXBuildFile; fileRef = 05FBE3E51D2D2B8F007B42F8 /* RDegreJourUnifie.m */; };
		05FBE3EA1D2D4A38007B42F8 /* RCoefficientD.m in Sources */ = {isa = PBXBuildFile; fileRef = 05FBE3E91D2D4A38007B42F8 /* RCoefficientD.m */; };
		38FF64F8D42002A9CE8CC3BC /* libPods-BaticalRealm.a in Frameworks */ = {isa = PBXBuildFile; fileRef = ECD5C90C719C135072D6ABAA /* libPods-BaticalRealm.a */; };
		9633BF0D1FDAFAD300996FE7 /* RSqualitel.m in Sources */ = {isa = PBXBuildFile; fileRef = 9633BF091FDAFAD200996FE7 /* RSqualitel.m */; };
		9633BF0E1FDAFAD300996FE7 /* RCompostionFoyerStandard.m in Sources */ = {isa = PBXBuildFile; fileRef = 9633BF0A1FDAFAD200996FE7 /* RCompostionFoyerStandard.m */; };
		9633BF0F1FDAFAD300996FE7 /* RLogementCompoEHPAD.m in Sources */ = {isa = PBXBuildFile; fileRef = 9633BF0B1FDAFAD300996FE7 /* RLogementCompoEHPAD.m */; };
		9633BF1A1FDBF9A400996FE7 /* RDebitPlomberie.m in Sources */ = {isa = PBXBuildFile; fileRef = 9633BF191FDBF9A300996FE7 /* RDebitPlomberie.m */; };
		96AEF32F1FD4420000D57830 /* RAdoucisseurDiametreDebit.m in Sources */ = {isa = PBXBuildFile; fileRef = 96AEF3291FD441FF00D57830 /* RAdoucisseurDiametreDebit.m */; };
		96AEF3301FD4420000D57830 /* RCapaResine.m in Sources */ = {isa = PBXBuildFile; fileRef = 96AEF32C1FD441FF00D57830 /* RCapaResine.m */; };
		96DCA2DA1FE15FC900B8E800 /* RCanalisationDebitMinMax.m in Sources */ = {isa = PBXBuildFile; fileRef = 96DCA2D81FE15FC900B8E800 /* RCanalisationDebitMinMax.m */; };
		96DD5A7D1FD439BB0027CD27 /* RLogementCompositionECS.m in Sources */ = {isa = PBXBuildFile; fileRef = 96DD5A7C1FD439BB0027CD27 /* RLogementCompositionECS.m */; };
		96E301341FEBF5030080F2D1 /* RIsolantECS.m in Sources */ = {isa = PBXBuildFile; fileRef = 96E301321FEBF5030080F2D1 /* RIsolantECS.m */; };
		A92E1ADC21146B2200B3C475 /* RDnGaineCirculaire.m in Sources */ = {isa = PBXBuildFile; fileRef = A92E1AD621146B2200B3C475 /* RDnGaineCirculaire.m */; };
		A92E1ADD21146B2200B3C475 /* RDnGaineRectangulaire.m in Sources */ = {isa = PBXBuildFile; fileRef = A92E1AD921146B2200B3C475 /* RDnGaineRectangulaire.m */; };
		A92E1ADE21146B2200B3C475 /* RRugositeMaterial.m in Sources */ = {isa = PBXBuildFile; fileRef = A92E1ADA21146B2200B3C475 /* RRugositeMaterial.m */; };
		A944B48C2288CEBE003020CD /* RCoeffGSimplifie.m in Sources */ = {isa = PBXBuildFile; fileRef = A944B48B2288CEBE003020CD /* RCoeffGSimplifie.m */; };
		A944B48E2288D181003020CD /* CoeffGSimplifie.json in CopyFiles */ = {isa = PBXBuildFile; fileRef = A944B48D2288D0DA003020CD /* CoeffGSimplifie.json */; };
		A98F81392298496E00861BD7 /* RRadiateur.json in CopyFiles */ = {isa = PBXBuildFile; fileRef = A98F81382298496000861BD7 /* RRadiateur.json */; };
		A9AFEE07228AEAD500D9A412 /* CoeffGDeta.json in CopyFiles */ = {isa = PBXBuildFile; fileRef = A9AFEE05228AEAC400D9A412 /* CoeffGDeta.json */; };
		A9AFEE08228AEAD500D9A412 /* Vitrage.json in CopyFiles */ = {isa = PBXBuildFile; fileRef = A9AFEE06228AEAC500D9A412 /* Vitrage.json */; };
		A9AFEE0B228AEAFE00D9A412 /* RCoeffGDeta.m in Sources */ = {isa = PBXBuildFile; fileRef = A9AFEE0A228AEAFE00D9A412 /* RCoeffGDeta.m */; };
		A9AFEE0E228AEBE400D9A412 /* RVitrage.m in Sources */ = {isa = PBXBuildFile; fileRef = A9AFEE0D228AEBE400D9A412 /* RVitrage.m */; };
		A9FBFE0D22876E51002F7046 /* RDJUClim.m in Sources */ = {isa = PBXBuildFile; fileRef = A9FBFE0C22876E51002F7046 /* RDJUClim.m */; };
		A9FBFE0E22876F88002F7046 /* AdoucisseurDiametreDebit.json in CopyFiles */ = {isa = PBXBuildFile; fileRef = A9FBFDF422876DF7002F7046 /* AdoucisseurDiametreDebit.json */; };
		A9FBFE0F22876F88002F7046 /* CanalsationDebitMinMax.json in CopyFiles */ = {isa = PBXBuildFile; fileRef = A9FBFE0822876DF8002F7046 /* CanalsationDebitMinMax.json */; };
		A9FBFE1022876F88002F7046 /* CapaciteResine.json in CopyFiles */ = {isa = PBXBuildFile; fileRef = A9FBFDF922876DF8002F7046 /* CapaciteResine.json */; };
		A9FBFE1122876F88002F7046 /* CoeffD.json in CopyFiles */ = {isa = PBXBuildFile; fileRef = A9FBFE0522876DF8002F7046 /* CoeffD.json */; };
		A9FBFE1222876F88002F7046 /* CoeffG.json in CopyFiles */ = {isa = PBXBuildFile; fileRef = A9FBFE0322876DF8002F7046 /* CoeffG.json */; };
		A9FBFE1322876F88002F7046 /* CoefficientMajorationBatiment.json in CopyFiles */ = {isa = PBXBuildFile; fileRef = A9FBFDEF22876DF7002F7046 /* CoefficientMajorationBatiment.json */; };
		A9FBFE1422876F88002F7046 /* CompositionFoyerStandard.json in CopyFiles */ = {isa = PBXBuildFile; fileRef = A9FBFE0A22876DF8002F7046 /* CompositionFoyerStandard.json */; };
		A9FBFE1522876F88002F7046 /* Conductivite.json in CopyFiles */ = {isa = PBXBuildFile; fileRef = A9FBFDF022876DF7002F7046 /* Conductivite.json */; };
		A9FBFE1622876F88002F7046 /* DataMaterial.json in CopyFiles */ = {isa = PBXBuildFile; fileRef = A9FBFE0922876DF8002F7046 /* DataMaterial.json */; };
		A9FBFE1722876F88002F7046 /* DebitPlomberie.json in CopyFiles */ = {isa = PBXBuildFile; fileRef = A9FBFE0722876DF8002F7046 /* DebitPlomberie.json */; };
		A9FBFE1822876F88002F7046 /* DepartementZone.json in CopyFiles */ = {isa = PBXBuildFile; fileRef = A9FBFDFB22876DF8002F7046 /* DepartementZone.json */; };
		A9FBFE1922876F88002F7046 /* DJU.json in CopyFiles */ = {isa = PBXBuildFile; fileRef = A9FBFDF822876DF8002F7046 /* DJU.json */; };
		A9FBFE1A22876F88002F7046 /* DJUClim.json in CopyFiles */ = {isa = PBXBuildFile; fileRef = A9FBFDF122876DF7002F7046 /* DJUClim.json */; };
		A9FBFE1B22876F88002F7046 /* DnGaineEurovent_CarrreRctangulaire.json in CopyFiles */ = {isa = PBXBuildFile; fileRef = A9FBFDF322876DF7002F7046 /* DnGaineEurovent_CarrreRctangulaire.json */; };
		A9FBFE1C22876F88002F7046 /* DnGaineEurovent_Circulaire.json in CopyFiles */ = {isa = PBXBuildFile; fileRef = A9FBFDFE22876DF8002F7046 /* DnGaineEurovent_Circulaire.json */; };
		A9FBFE1D22876F88002F7046 /* EHPADcompositionECS.json in CopyFiles */ = {isa = PBXBuildFile; fileRef = A9FBFDFA22876DF8002F7046 /* EHPADcompositionECS.json */; };
		A9FBFE1E22876F88002F7046 /* IsolantECS.json in CopyFiles */ = {isa = PBXBuildFile; fileRef = A9FBFDFD22876DF8002F7046 /* IsolantECS.json */; };
		A9FBFE1F22876F88002F7046 /* LogementCompositionECS.json in CopyFiles */ = {isa = PBXBuildFile; fileRef = A9FBFDFF22876DF8002F7046 /* LogementCompositionECS.json */; };
		A9FBFE2022876F88002F7046 /* MasseVolumiqueViscosite.json in CopyFiles */ = {isa = PBXBuildFile; fileRef = A9FBFE0622876DF8002F7046 /* MasseVolumiqueViscosite.json */; };
		A9FBFE2122876F88002F7046 /* PerteChargeAccident.json in CopyFiles */ = {isa = PBXBuildFile; fileRef = A9FBFE0022876DF8002F7046 /* PerteChargeAccident.json */; };
		A9FBFE2222876F88002F7046 /* PerteChargeUnite.json in CopyFiles */ = {isa = PBXBuildFile; fileRef = A9FBFDFC22876DF8002F7046 /* PerteChargeUnite.json */; };
		A9FBFE2322876F88002F7046 /* RegimeDimensionnement.json in CopyFiles */ = {isa = PBXBuildFile; fileRef = A9FBFE0122876DF8002F7046 /* RegimeDimensionnement.json */; };
		A9FBFE2422876F88002F7046 /* RendementProduction.json in CopyFiles */ = {isa = PBXBuildFile; fileRef = A9FBFDF522876DF8002F7046 /* RendementProduction.json */; };
		A9FBFE2522876F88002F7046 /* Rugositeboussicaud20.json in CopyFiles */ = {isa = PBXBuildFile; fileRef = A9FBFDF622876DF8002F7046 /* Rugositeboussicaud20.json */; };
		A9FBFE2622876F88002F7046 /* Squalitel.json in CopyFiles */ = {isa = PBXBuildFile; fileRef = A9FBFE0222876DF8002F7046 /* Squalitel.json */; };
		A9FBFE2722876F88002F7046 /* TemperaturBaseExtZone.json in CopyFiles */ = {isa = PBXBuildFile; fileRef = A9FBFE0422876DF8002F7046 /* TemperaturBaseExtZone.json */; };
		A9FBFE2822876F88002F7046 /* TUBES.json in CopyFiles */ = {isa = PBXBuildFile; fileRef = A9FBFDF222876DF7002F7046 /* TUBES.json */; };
/* End PBXBuildFile section */

/* Begin PBXCopyFilesBuildPhase section */
		055332CD1C9E030C00BABFB7 /* CopyFiles */ = {
			isa = PBXCopyFilesBuildPhase;
			buildActionMask = 12;
			dstPath = "";
			dstSubfolderSpec = 16;
			files = (
				A98F81392298496E00861BD7 /* RRadiateur.json in CopyFiles */,
				A9AFEE07228AEAD500D9A412 /* CoeffGDeta.json in CopyFiles */,
				A9AFEE08228AEAD500D9A412 /* Vitrage.json in CopyFiles */,
				A944B48E2288D181003020CD /* CoeffGSimplifie.json in CopyFiles */,
				A9FBFE0E22876F88002F7046 /* AdoucisseurDiametreDebit.json in CopyFiles */,
				A9FBFE0F22876F88002F7046 /* CanalsationDebitMinMax.json in CopyFiles */,
				A9FBFE1022876F88002F7046 /* CapaciteResine.json in CopyFiles */,
				A9FBFE1122876F88002F7046 /* CoeffD.json in CopyFiles */,
				A9FBFE1222876F88002F7046 /* CoeffG.json in CopyFiles */,
				A9FBFE1322876F88002F7046 /* CoefficientMajorationBatiment.json in CopyFiles */,
				A9FBFE1422876F88002F7046 /* CompositionFoyerStandard.json in CopyFiles */,
				A9FBFE1522876F88002F7046 /* Conductivite.json in CopyFiles */,
				A9FBFE1622876F88002F7046 /* DataMaterial.json in CopyFiles */,
				A9FBFE1722876F88002F7046 /* DebitPlomberie.json in CopyFiles */,
				A9FBFE1822876F88002F7046 /* DepartementZone.json in CopyFiles */,
				A9FBFE1922876F88002F7046 /* DJU.json in CopyFiles */,
				A9FBFE1A22876F88002F7046 /* DJUClim.json in CopyFiles */,
				A9FBFE1B22876F88002F7046 /* DnGaineEurovent_CarrreRctangulaire.json in CopyFiles */,
				A9FBFE1C22876F88002F7046 /* DnGaineEurovent_Circulaire.json in CopyFiles */,
				A9FBFE1D22876F88002F7046 /* EHPADcompositionECS.json in CopyFiles */,
				A9FBFE1E22876F88002F7046 /* IsolantECS.json in CopyFiles */,
				A9FBFE1F22876F88002F7046 /* LogementCompositionECS.json in CopyFiles */,
				A9FBFE2022876F88002F7046 /* MasseVolumiqueViscosite.json in CopyFiles */,
				A9FBFE2122876F88002F7046 /* PerteChargeAccident.json in CopyFiles */,
				A9FBFE2222876F88002F7046 /* PerteChargeUnite.json in CopyFiles */,
				A9FBFE2322876F88002F7046 /* RegimeDimensionnement.json in CopyFiles */,
				A9FBFE2422876F88002F7046 /* RendementProduction.json in CopyFiles */,
				A9FBFE2522876F88002F7046 /* Rugositeboussicaud20.json in CopyFiles */,
				A9FBFE2622876F88002F7046 /* Squalitel.json in CopyFiles */,
				A9FBFE2722876F88002F7046 /* TemperaturBaseExtZone.json in CopyFiles */,
				A9FBFE2822876F88002F7046 /* TUBES.json in CopyFiles */,
			);
			runOnlyForDeploymentPostprocessing = 0;
		};
/* End PBXCopyFilesBuildPhase section */

/* Begin PBXFileReference section */
		051DA1BA1CAF26C40065AF5C /* RPerteChargeUniteCalcul.h */ = {isa = PBXFileReference; fileEncoding = 4; lastKnownFileType = sourcecode.c.h; path = RPerteChargeUniteCalcul.h; sourceTree = "<group>"; };
		051DA1BB1CAF26C40065AF5C /* RPerteChargeUniteCalcul.m */ = {isa = PBXFileReference; fileEncoding = 4; lastKnownFileType = sourcecode.c.objc; path = RPerteChargeUniteCalcul.m; sourceTree = "<group>"; };
		054DBD631E53670B00503892 /* RRendementProduction.h */ = {isa = PBXFileReference; fileEncoding = 4; lastKnownFileType = sourcecode.c.h; path = RRendementProduction.h; sourceTree = "<group>"; };
		054DBD641E53670B00503892 /* RRendementProduction.m */ = {isa = PBXFileReference; fileEncoding = 4; lastKnownFileType = sourcecode.c.objc; path = RRendementProduction.m; sourceTree = "<group>"; };
		055332CF1C9E030C00BABFB7 /* BaticalRealm */ = {isa = PBXFileReference; explicitFileType = "compiled.mach-o.executable"; includeInIndex = 0; path = BaticalRealm; sourceTree = BUILT_PRODUCTS_DIR; };
		055332D21C9E030C00BABFB7 /* main.m */ = {isa = PBXFileReference; lastKnownFileType = sourcecode.c.objc; path = main.m; sourceTree = "<group>"; };
		055332D91C9E076B00BABFB7 /* BaticalRealm-Bridging-Header.h */ = {isa = PBXFileReference; lastKnownFileType = sourcecode.c.h; path = "BaticalRealm-Bridging-Header.h"; sourceTree = "<group>"; };
		055332DC1C9E09A600BABFB7 /* RTubes.h */ = {isa = PBXFileReference; fileEncoding = 4; lastKnownFileType = sourcecode.c.h; path = RTubes.h; sourceTree = "<group>"; };
		055332DD1C9E09A600BABFB7 /* RTubes.m */ = {isa = PBXFileReference; fileEncoding = 4; lastKnownFileType = sourcecode.c.objc; path = RTubes.m; sourceTree = "<group>"; };
		055332E31CA009E700BABFB7 /* RDataMaterial.h */ = {isa = PBXFileReference; fileEncoding = 4; lastKnownFileType = sourcecode.c.h; path = RDataMaterial.h; sourceTree = "<group>"; };
		055332E41CA009E700BABFB7 /* RDataMatrial.m */ = {isa = PBXFileReference; fileEncoding = 4; lastKnownFileType = sourcecode.c.objc; path = RDataMatrial.m; sourceTree = "<group>"; };
		055332E91CA00DAA00BABFB7 /* RConductivity.h */ = {isa = PBXFileReference; fileEncoding = 4; lastKnownFileType = sourcecode.c.h; path = RConductivity.h; sourceTree = "<group>"; };
		055332EA1CA00DAA00BABFB7 /* RConductivity.m */ = {isa = PBXFileReference; fileEncoding = 4; lastKnownFileType = sourcecode.c.objc; path = RConductivity.m; sourceTree = "<group>"; };
		055F3EDB1CADBED0007B3664 /* RMasseVolumiqueViscosite.h */ = {isa = PBXFileReference; fileEncoding = 4; lastKnownFileType = sourcecode.c.h; path = RMasseVolumiqueViscosite.h; sourceTree = "<group>"; };
		055F3EDC1CADBED0007B3664 /* RMasseVolumiqueViscosite.m */ = {isa = PBXFileReference; fileEncoding = 4; lastKnownFileType = sourcecode.c.objc; path = RMasseVolumiqueViscosite.m; sourceTree = "<group>"; };
		055F3EDD1CADBED0007B3664 /* RPerteChargeAccident.h */ = {isa = PBXFileReference; fileEncoding = 4; lastKnownFileType = sourcecode.c.h; path = RPerteChargeAccident.h; sourceTree = "<group>"; };
		055F3EDE1CADBED0007B3664 /* RPerteChargeAccident.m */ = {isa = PBXFileReference; fileEncoding = 4; lastKnownFileType = sourcecode.c.objc; path = RPerteChargeAccident.m; sourceTree = "<group>"; };
		055F3F001CAE6B28007B3664 /* RTempExtZone.h */ = {isa = PBXFileReference; fileEncoding = 4; lastKnownFileType = sourcecode.c.h; path = RTempExtZone.h; sourceTree = "<group>"; };
		055F3F011CAE6B28007B3664 /* RTempExtZone.m */ = {isa = PBXFileReference; fileEncoding = 4; lastKnownFileType = sourcecode.c.objc; path = RTempExtZone.m; sourceTree = "<group>"; };
		055F3F051CAE6C1C007B3664 /* RDepartementTemperatureExt.h */ = {isa = PBXFileReference; fileEncoding = 4; lastKnownFileType = sourcecode.c.h; path = RDepartementTemperatureExt.h; sourceTree = "<group>"; };
		055F3F061CAE6C1C007B3664 /* RDepartementTemperatureExt.m */ = {isa = PBXFileReference; fileEncoding = 4; lastKnownFileType = sourcecode.c.objc; path = RDepartementTemperatureExt.m; sourceTree = "<group>"; };
		057DF3C81E46821A006E443C /* RCoefficientG.h */ = {isa = PBXFileReference; fileEncoding = 4; lastKnownFileType = sourcecode.c.h; path = RCoefficientG.h; sourceTree = "<group>"; };
		057DF3C91E46821A006E443C /* RCoefficientG.m */ = {isa = PBXFileReference; fileEncoding = 4; lastKnownFileType = sourcecode.c.objc; path = RCoefficientG.m; sourceTree = "<group>"; };
		05B20F151CC6AB0200F94E4D /* RRegimeDimensionnement.h */ = {isa = PBXFileReference; fileEncoding = 4; lastKnownFileType = sourcecode.c.h; path = RRegimeDimensionnement.h; sourceTree = "<group>"; };
		05B20F161CC6AB0200F94E4D /* RRegimeDimensionnement.m */ = {isa = PBXFileReference; fileEncoding = 4; lastKnownFileType = sourcecode.c.objc; path = RRegimeDimensionnement.m; sourceTree = "<group>"; };
		05B20F171CC6AB0200F94E4D /* RTypeRadiateur.h */ = {isa = PBXFileReference; fileEncoding = 4; lastKnownFileType = sourcecode.c.h; path = RTypeRadiateur.h; sourceTree = "<group>"; };
		05B20F181CC6AB0200F94E4D /* RTypeRadiateur.m */ = {isa = PBXFileReference; fileEncoding = 4; lastKnownFileType = sourcecode.c.objc; path = RTypeRadiateur.m; sourceTree = "<group>"; };
		05EFCD9D1DCCB56F00FCF034 /* RCoefficientMajorationBatiment.h */ = {isa = PBXFileReference; fileEncoding = 4; lastKnownFileType = sourcecode.c.h; path = RCoefficientMajorationBatiment.h; sourceTree = "<group>"; };
		05EFCD9E1DCCB56F00FCF034 /* RCoefficientMajorationBatiment.m */ = {isa = PBXFileReference; fileEncoding = 4; lastKnownFileType = sourcecode.c.objc; path = RCoefficientMajorationBatiment.m; sourceTree = "<group>"; };
		05FBE3E41D2D2B8F007B42F8 /* RDegreJourUnifie.h */ = {isa = PBXFileReference; fileEncoding = 4; lastKnownFileType = sourcecode.c.h; path = RDegreJourUnifie.h; sourceTree = "<group>"; };
		05FBE3E51D2D2B8F007B42F8 /* RDegreJourUnifie.m */ = {isa = PBXFileReference; fileEncoding = 4; lastKnownFileType = sourcecode.c.objc; path = RDegreJourUnifie.m; sourceTree = "<group>"; };
		05FBE3E81D2D4A38007B42F8 /* RCoefficientD.h */ = {isa = PBXFileReference; fileEncoding = 4; lastKnownFileType = sourcecode.c.h; path = RCoefficientD.h; sourceTree = "<group>"; };
		05FBE3E91D2D4A38007B42F8 /* RCoefficientD.m */ = {isa = PBXFileReference; fileEncoding = 4; lastKnownFileType = sourcecode.c.objc; path = RCoefficientD.m; sourceTree = "<group>"; };
		1B9CEE4FAE36C040FA97188A /* Pods-BaticalRealm.debug.xcconfig */ = {isa = PBXFileReference; includeInIndex = 1; lastKnownFileType = text.xcconfig; name = "Pods-BaticalRealm.debug.xcconfig"; path = "Pods/Target Support Files/Pods-BaticalRealm/Pods-BaticalRealm.debug.xcconfig"; sourceTree = "<group>"; };
		9633BF071FDAFAD100996FE7 /* RSqualitel.h */ = {isa = PBXFileReference; fileEncoding = 4; lastKnownFileType = sourcecode.c.h; path = RSqualitel.h; sourceTree = "<group>"; };
		9633BF081FDAFAD200996FE7 /* RLogementCompoEHPAD.h */ = {isa = PBXFileReference; fileEncoding = 4; lastKnownFileType = sourcecode.c.h; path = RLogementCompoEHPAD.h; sourceTree = "<group>"; };
		9633BF091FDAFAD200996FE7 /* RSqualitel.m */ = {isa = PBXFileReference; fileEncoding = 4; lastKnownFileType = sourcecode.c.objc; path = RSqualitel.m; sourceTree = "<group>"; };
		9633BF0A1FDAFAD200996FE7 /* RCompostionFoyerStandard.m */ = {isa = PBXFileReference; fileEncoding = 4; lastKnownFileType = sourcecode.c.objc; path = RCompostionFoyerStandard.m; sourceTree = "<group>"; };
		9633BF0B1FDAFAD300996FE7 /* RLogementCompoEHPAD.m */ = {isa = PBXFileReference; fileEncoding = 4; lastKnownFileType = sourcecode.c.objc; path = RLogementCompoEHPAD.m; sourceTree = "<group>"; };
		9633BF0C1FDAFAD300996FE7 /* RCompostionFoyerStandard.h */ = {isa = PBXFileReference; fileEncoding = 4; lastKnownFileType = sourcecode.c.h; path = RCompostionFoyerStandard.h; sourceTree = "<group>"; };
		9633BF181FDBF9A300996FE7 /* RDebitPlomberie.h */ = {isa = PBXFileReference; fileEncoding = 4; lastKnownFileType = sourcecode.c.h; path = RDebitPlomberie.h; sourceTree = "<group>"; };
		9633BF191FDBF9A300996FE7 /* RDebitPlomberie.m */ = {isa = PBXFileReference; fileEncoding = 4; lastKnownFileType = sourcecode.c.objc; path = RDebitPlomberie.m; sourceTree = "<group>"; };
		96AEF3291FD441FF00D57830 /* RAdoucisseurDiametreDebit.m */ = {isa = PBXFileReference; fileEncoding = 4; lastKnownFileType = sourcecode.c.objc; path = RAdoucisseurDiametreDebit.m; sourceTree = "<group>"; };
		96AEF32A1FD441FF00D57830 /* RCapaResine.h */ = {isa = PBXFileReference; fileEncoding = 4; lastKnownFileType = sourcecode.c.h; path = RCapaResine.h; sourceTree = "<group>"; };
		96AEF32B1FD441FF00D57830 /* RAdoucisseurDiametreDebit.h */ = {isa = PBXFileReference; fileEncoding = 4; lastKnownFileType = sourcecode.c.h; path = RAdoucisseurDiametreDebit.h; sourceTree = "<group>"; };
		96AEF32C1FD441FF00D57830 /* RCapaResine.m */ = {isa = PBXFileReference; fileEncoding = 4; lastKnownFileType = sourcecode.c.objc; path = RCapaResine.m; sourceTree = "<group>"; };
		96DCA2D81FE15FC900B8E800 /* RCanalisationDebitMinMax.m */ = {isa = PBXFileReference; fileEncoding = 4; lastKnownFileType = sourcecode.c.objc; path = RCanalisationDebitMinMax.m; sourceTree = "<group>"; };
		96DCA2D91FE15FC900B8E800 /* RCanalisationDebitMinMax.h */ = {isa = PBXFileReference; fileEncoding = 4; lastKnownFileType = sourcecode.c.h; path = RCanalisationDebitMinMax.h; sourceTree = "<group>"; };
		96DD5A7B1FD439BB0027CD27 /* RLogementCompositionECS.h */ = {isa = PBXFileReference; fileEncoding = 4; lastKnownFileType = sourcecode.c.h; path = RLogementCompositionECS.h; sourceTree = "<group>"; };
		96DD5A7C1FD439BB0027CD27 /* RLogementCompositionECS.m */ = {isa = PBXFileReference; fileEncoding = 4; lastKnownFileType = sourcecode.c.objc; path = RLogementCompositionECS.m; sourceTree = "<group>"; };
		96E301321FEBF5030080F2D1 /* RIsolantECS.m */ = {isa = PBXFileReference; fileEncoding = 4; lastKnownFileType = sourcecode.c.objc; path = RIsolantECS.m; sourceTree = "<group>"; };
		96E301331FEBF5030080F2D1 /* RIsolantECS.h */ = {isa = PBXFileReference; fileEncoding = 4; lastKnownFileType = sourcecode.c.h; path = RIsolantECS.h; sourceTree = "<group>"; };
		A92E1AD621146B2200B3C475 /* RDnGaineCirculaire.m */ = {isa = PBXFileReference; fileEncoding = 4; lastKnownFileType = sourcecode.c.objc; path = RDnGaineCirculaire.m; sourceTree = "<group>"; };
		A92E1AD721146B2200B3C475 /* RDnGaineCirculaire.h */ = {isa = PBXFileReference; fileEncoding = 4; lastKnownFileType = sourcecode.c.h; path = RDnGaineCirculaire.h; sourceTree = "<group>"; };
		A92E1AD821146B2200B3C475 /* RRugositeMaterial.h */ = {isa = PBXFileReference; fileEncoding = 4; lastKnownFileType = sourcecode.c.h; path = RRugositeMaterial.h; sourceTree = "<group>"; };
		A92E1AD921146B2200B3C475 /* RDnGaineRectangulaire.m */ = {isa = PBXFileReference; fileEncoding = 4; lastKnownFileType = sourcecode.c.objc; path = RDnGaineRectangulaire.m; sourceTree = "<group>"; };
		A92E1ADA21146B2200B3C475 /* RRugositeMaterial.m */ = {isa = PBXFileReference; fileEncoding = 4; lastKnownFileType = sourcecode.c.objc; path = RRugositeMaterial.m; sourceTree = "<group>"; };
		A92E1ADB21146B2200B3C475 /* RDnGaineRectangulaire.h */ = {isa = PBXFileReference; fileEncoding = 4; lastKnownFileType = sourcecode.c.h; path = RDnGaineRectangulaire.h; sourceTree = "<group>"; };
		A944B48A2288CEBE003020CD /* RCoeffGSimplifie.h */ = {isa = PBXFileReference; lastKnownFileType = sourcecode.c.h; path = RCoeffGSimplifie.h; sourceTree = "<group>"; };
		A944B48B2288CEBE003020CD /* RCoeffGSimplifie.m */ = {isa = PBXFileReference; lastKnownFileType = sourcecode.c.objc; path = RCoeffGSimplifie.m; sourceTree = "<group>"; };
		A944B48D2288D0DA003020CD /* CoeffGSimplifie.json */ = {isa = PBXFileReference; fileEncoding = 4; lastKnownFileType = text.json; name = CoeffGSimplifie.json; path = ../../json/CoeffGSimplifie.json; sourceTree = "<group>"; };
		A98F81382298496000861BD7 /* RRadiateur.json */ = {isa = PBXFileReference; fileEncoding = 4; lastKnownFileType = text.json; name = RRadiateur.json; path = ../../json/RRadiateur.json; sourceTree = "<group>"; };
		A9AFEE05228AEAC400D9A412 /* CoeffGDeta.json */ = {isa = PBXFileReference; fileEncoding = 4; lastKnownFileType = text.json; name = CoeffGDeta.json; path = ../../json/CoeffGDeta.json; sourceTree = "<group>"; };
		A9AFEE06228AEAC500D9A412 /* Vitrage.json */ = {isa = PBXFileReference; fileEncoding = 4; lastKnownFileType = text.json; name = Vitrage.json; path = ../../json/Vitrage.json; sourceTree = "<group>"; };
		A9AFEE09228AEAFD00D9A412 /* RCoeffGDeta.h */ = {isa = PBXFileReference; fileEncoding = 4; lastKnownFileType = sourcecode.c.h; path = RCoeffGDeta.h; sourceTree = "<group>"; };
		A9AFEE0A228AEAFE00D9A412 /* RCoeffGDeta.m */ = {isa = PBXFileReference; fileEncoding = 4; lastKnownFileType = sourcecode.c.objc; path = RCoeffGDeta.m; sourceTree = "<group>"; };
		A9AFEE0C228AEBE400D9A412 /* RVitrage.h */ = {isa = PBXFileReference; lastKnownFileType = sourcecode.c.h; path = RVitrage.h; sourceTree = "<group>"; };
		A9AFEE0D228AEBE400D9A412 /* RVitrage.m */ = {isa = PBXFileReference; lastKnownFileType = sourcecode.c.objc; path = RVitrage.m; sourceTree = "<group>"; };
		A9FBFDEF22876DF7002F7046 /* CoefficientMajorationBatiment.json */ = {isa = PBXFileReference; fileEncoding = 4; lastKnownFileType = text.json; name = CoefficientMajorationBatiment.json; path = ../../json/CoefficientMajorationBatiment.json; sourceTree = "<group>"; };
		A9FBFDF022876DF7002F7046 /* Conductivite.json */ = {isa = PBXFileReference; fileEncoding = 4; lastKnownFileType = text.json; name = Conductivite.json; path = ../../json/Conductivite.json; sourceTree = "<group>"; };
		A9FBFDF122876DF7002F7046 /* DJUClim.json */ = {isa = PBXFileReference; fileEncoding = 4; lastKnownFileType = text.json; name = DJUClim.json; path = ../../json/DJUClim.json; sourceTree = "<group>"; };
		A9FBFDF222876DF7002F7046 /* TUBES.json */ = {isa = PBXFileReference; fileEncoding = 4; lastKnownFileType = text.json; name = TUBES.json; path = ../../json/TUBES.json; sourceTree = "<group>"; };
		A9FBFDF322876DF7002F7046 /* DnGaineEurovent_CarrreRctangulaire.json */ = {isa = PBXFileReference; fileEncoding = 4; lastKnownFileType = text.json; name = DnGaineEurovent_CarrreRctangulaire.json; path = ../../json/DnGaineEurovent_CarrreRctangulaire.json; sourceTree = "<group>"; };
		A9FBFDF422876DF7002F7046 /* AdoucisseurDiametreDebit.json */ = {isa = PBXFileReference; fileEncoding = 4; lastKnownFileType = text.json; name = AdoucisseurDiametreDebit.json; path = ../../json/AdoucisseurDiametreDebit.json; sourceTree = "<group>"; };
		A9FBFDF522876DF8002F7046 /* RendementProduction.json */ = {isa = PBXFileReference; fileEncoding = 4; lastKnownFileType = text.json; name = RendementProduction.json; path = ../../json/RendementProduction.json; sourceTree = "<group>"; };
		A9FBFDF622876DF8002F7046 /* Rugositeboussicaud20.json */ = {isa = PBXFileReference; fileEncoding = 4; lastKnownFileType = text.json; name = Rugositeboussicaud20.json; path = ../../json/Rugositeboussicaud20.json; sourceTree = "<group>"; };
		A9FBFDF722876DF8002F7046 /* TypeRadiateur.json */ = {isa = PBXFileReference; fileEncoding = 4; lastKnownFileType = text.json; name = TypeRadiateur.json; path = ../../json/TypeRadiateur.json; sourceTree = "<group>"; };
		A9FBFDF822876DF8002F7046 /* DJU.json */ = {isa = PBXFileReference; fileEncoding = 4; lastKnownFileType = text.json; name = DJU.json; path = ../../json/DJU.json; sourceTree = "<group>"; };
		A9FBFDF922876DF8002F7046 /* CapaciteResine.json */ = {isa = PBXFileReference; fileEncoding = 4; lastKnownFileType = text.json; name = CapaciteResine.json; path = ../../json/CapaciteResine.json; sourceTree = "<group>"; };
		A9FBFDFA22876DF8002F7046 /* EHPADcompositionECS.json */ = {isa = PBXFileReference; fileEncoding = 4; lastKnownFileType = text.json; name = EHPADcompositionECS.json; path = ../../json/EHPADcompositionECS.json; sourceTree = "<group>"; };
		A9FBFDFB22876DF8002F7046 /* DepartementZone.json */ = {isa = PBXFileReference; fileEncoding = 4; lastKnownFileType = text.json; name = DepartementZone.json; path = ../../json/DepartementZone.json; sourceTree = "<group>"; };
		A9FBFDFC22876DF8002F7046 /* PerteChargeUnite.json */ = {isa = PBXFileReference; fileEncoding = 4; lastKnownFileType = text.json; name = PerteChargeUnite.json; path = ../../json/PerteChargeUnite.json; sourceTree = "<group>"; };
		A9FBFDFD22876DF8002F7046 /* IsolantECS.json */ = {isa = PBXFileReference; fileEncoding = 4; lastKnownFileType = text.json; name = IsolantECS.json; path = ../../json/IsolantECS.json; sourceTree = "<group>"; };
		A9FBFDFE22876DF8002F7046 /* DnGaineEurovent_Circulaire.json */ = {isa = PBXFileReference; fileEncoding = 4; lastKnownFileType = text.json; name = DnGaineEurovent_Circulaire.json; path = ../../json/DnGaineEurovent_Circulaire.json; sourceTree = "<group>"; };
		A9FBFDFF22876DF8002F7046 /* LogementCompositionECS.json */ = {isa = PBXFileReference; fileEncoding = 4; lastKnownFileType = text.json; name = LogementCompositionECS.json; path = ../../json/LogementCompositionECS.json; sourceTree = "<group>"; };
		A9FBFE0022876DF8002F7046 /* PerteChargeAccident.json */ = {isa = PBXFileReference; fileEncoding = 4; lastKnownFileType = text.json; name = PerteChargeAccident.json; path = ../../json/PerteChargeAccident.json; sourceTree = "<group>"; };
		A9FBFE0122876DF8002F7046 /* RegimeDimensionnement.json */ = {isa = PBXFileReference; fileEncoding = 4; lastKnownFileType = text.json; name = RegimeDimensionnement.json; path = ../../json/RegimeDimensionnement.json; sourceTree = "<group>"; };
		A9FBFE0222876DF8002F7046 /* Squalitel.json */ = {isa = PBXFileReference; fileEncoding = 4; lastKnownFileType = text.json; name = Squalitel.json; path = ../../json/Squalitel.json; sourceTree = "<group>"; };
		A9FBFE0322876DF8002F7046 /* CoeffG.json */ = {isa = PBXFileReference; fileEncoding = 4; lastKnownFileType = text.json; name = CoeffG.json; path = ../../json/CoeffG.json; sourceTree = "<group>"; };
		A9FBFE0422876DF8002F7046 /* TemperaturBaseExtZone.json */ = {isa = PBXFileReference; fileEncoding = 4; lastKnownFileType = text.json; name = TemperaturBaseExtZone.json; path = ../../json/TemperaturBaseExtZone.json; sourceTree = "<group>"; };
		A9FBFE0522876DF8002F7046 /* CoeffD.json */ = {isa = PBXFileReference; fileEncoding = 4; lastKnownFileType = text.json; name = CoeffD.json; path = ../../json/CoeffD.json; sourceTree = "<group>"; };
		A9FBFE0622876DF8002F7046 /* MasseVolumiqueViscosite.json */ = {isa = PBXFileReference; fileEncoding = 4; lastKnownFileType = text.json; name = MasseVolumiqueViscosite.json; path = ../../json/MasseVolumiqueViscosite.json; sourceTree = "<group>"; };
		A9FBFE0722876DF8002F7046 /* DebitPlomberie.json */ = {isa = PBXFileReference; fileEncoding = 4; lastKnownFileType = text.json; name = DebitPlomberie.json; path = ../../json/DebitPlomberie.json; sourceTree = "<group>"; };
		A9FBFE0822876DF8002F7046 /* CanalsationDebitMinMax.json */ = {isa = PBXFileReference; fileEncoding = 4; lastKnownFileType = text.json; name = CanalsationDebitMinMax.json; path = ../../json/CanalsationDebitMinMax.json; sourceTree = "<group>"; };
		A9FBFE0922876DF8002F7046 /* DataMaterial.json */ = {isa = PBXFileReference; fileEncoding = 4; lastKnownFileType = text.json; name = DataMaterial.json; path = ../../json/DataMaterial.json; sourceTree = "<group>"; };
		A9FBFE0A22876DF8002F7046 /* CompositionFoyerStandard.json */ = {isa = PBXFileReference; fileEncoding = 4; lastKnownFileType = text.json; name = CompositionFoyerStandard.json; path = ../../json/CompositionFoyerStandard.json; sourceTree = "<group>"; };
		A9FBFE0B22876E51002F7046 /* RDJUClim.h */ = {isa = PBXFileReference; lastKnownFileType = sourcecode.c.h; path = RDJUClim.h; sourceTree = "<group>"; };
		A9FBFE0C22876E51002F7046 /* RDJUClim.m */ = {isa = PBXFileReference; lastKnownFileType = sourcecode.c.objc; path = RDJUClim.m; sourceTree = "<group>"; };
		E44BACE5805F99061A48154F /* Pods-BaticalRealm.release.xcconfig */ = {isa = PBXFileReference; includeInIndex = 1; lastKnownFileType = text.xcconfig; name = "Pods-BaticalRealm.release.xcconfig"; path = "Pods/Target Support Files/Pods-BaticalRealm/Pods-BaticalRealm.release.xcconfig"; sourceTree = "<group>"; };
		ECD5C90C719C135072D6ABAA /* libPods-BaticalRealm.a */ = {isa = PBXFileReference; explicitFileType = archive.ar; includeInIndex = 0; path = "libPods-BaticalRealm.a"; sourceTree = BUILT_PRODUCTS_DIR; };
/* End PBXFileReference section */

/* Begin PBXFrameworksBuildPhase section */
		055332CC1C9E030C00BABFB7 /* Frameworks */ = {
			isa = PBXFrameworksBuildPhase;
			buildActionMask = 2147483647;
			files = (
				38FF64F8D42002A9CE8CC3BC /* libPods-BaticalRealm.a in Frameworks */,
			);
			runOnlyForDeploymentPostprocessing = 0;
		};
/* End PBXFrameworksBuildPhase section */

/* Begin PBXGroup section */
		055332C61C9E030C00BABFB7 = {
			isa = PBXGroup;
			children = (
				055332D11C9E030C00BABFB7 /* BaticalRealm */,
				055332D01C9E030C00BABFB7 /* Products */,
				68B3C7E451EDE4A3718612C5 /* Pods */,
				7F15EAB6336AD8A20812F876 /* Frameworks */,
			);
			sourceTree = "<group>";
		};
		055332D01C9E030C00BABFB7 /* Products */ = {
			isa = PBXGroup;
			children = (
				055332CF1C9E030C00BABFB7 /* BaticalRealm */,
			);
			name = Products;
			sourceTree = "<group>";
		};
		055332D11C9E030C00BABFB7 /* BaticalRealm */ = {
			isa = PBXGroup;
			children = (
				055F3EFC1CAE6AF6007B3664 /* class */,
				055332F01CA0109E00BABFB7 /* JSON */,
				055332D21C9E030C00BABFB7 /* main.m */,
				055332D91C9E076B00BABFB7 /* BaticalRealm-Bridging-Header.h */,
			);
			path = BaticalRealm;
			sourceTree = "<group>";
		};
		055332F01CA0109E00BABFB7 /* JSON */ = {
			isa = PBXGroup;
			children = (
				A98F81382298496000861BD7 /* RRadiateur.json */,
				A9AFEE05228AEAC400D9A412 /* CoeffGDeta.json */,
				A9AFEE06228AEAC500D9A412 /* Vitrage.json */,
				A9FBFDF422876DF7002F7046 /* AdoucisseurDiametreDebit.json */,
				A9FBFE0822876DF8002F7046 /* CanalsationDebitMinMax.json */,
				A9FBFDF922876DF8002F7046 /* CapaciteResine.json */,
				A9FBFE0522876DF8002F7046 /* CoeffD.json */,
				A9FBFE0322876DF8002F7046 /* CoeffG.json */,
				A944B48D2288D0DA003020CD /* CoeffGSimplifie.json */,
				A9FBFDEF22876DF7002F7046 /* CoefficientMajorationBatiment.json */,
				A9FBFE0A22876DF8002F7046 /* CompositionFoyerStandard.json */,
				A9FBFDF022876DF7002F7046 /* Conductivite.json */,
				A9FBFE0922876DF8002F7046 /* DataMaterial.json */,
				A9FBFE0722876DF8002F7046 /* DebitPlomberie.json */,
				A9FBFDFB22876DF8002F7046 /* DepartementZone.json */,
				A9FBFDF822876DF8002F7046 /* DJU.json */,
				A9FBFDF122876DF7002F7046 /* DJUClim.json */,
				A9FBFDF322876DF7002F7046 /* DnGaineEurovent_CarrreRctangulaire.json */,
				A9FBFDFE22876DF8002F7046 /* DnGaineEurovent_Circulaire.json */,
				A9FBFDFA22876DF8002F7046 /* EHPADcompositionECS.json */,
				A9FBFDFD22876DF8002F7046 /* IsolantECS.json */,
				A9FBFDFF22876DF8002F7046 /* LogementCompositionECS.json */,
				A9FBFE0622876DF8002F7046 /* MasseVolumiqueViscosite.json */,
				A9FBFE0022876DF8002F7046 /* PerteChargeAccident.json */,
				A9FBFDFC22876DF8002F7046 /* PerteChargeUnite.json */,
				A9FBFE0122876DF8002F7046 /* RegimeDimensionnement.json */,
				A9FBFDF522876DF8002F7046 /* RendementProduction.json */,
				A9FBFDF622876DF8002F7046 /* Rugositeboussicaud20.json */,
				A9FBFE0222876DF8002F7046 /* Squalitel.json */,
				A9FBFE0422876DF8002F7046 /* TemperaturBaseExtZone.json */,
				A9FBFDF222876DF7002F7046 /* TUBES.json */,
				A9FBFDF722876DF8002F7046 /* TypeRadiateur.json */,
			);
			name = JSON;
			sourceTree = "<group>";
		};
		055F3EFC1CAE6AF6007B3664 /* class */ = {
			isa = PBXGroup;
			children = (
				96AEF32B1FD441FF00D57830 /* RAdoucisseurDiametreDebit.h */,
				96AEF3291FD441FF00D57830 /* RAdoucisseurDiametreDebit.m */,
				96DCA2D91FE15FC900B8E800 /* RCanalisationDebitMinMax.h */,
				96DCA2D81FE15FC900B8E800 /* RCanalisationDebitMinMax.m */,
				96AEF32A1FD441FF00D57830 /* RCapaResine.h */,
				96AEF32C1FD441FF00D57830 /* RCapaResine.m */,
				A9AFEE09228AEAFD00D9A412 /* RCoeffGDeta.h */,
				A9AFEE0A228AEAFE00D9A412 /* RCoeffGDeta.m */,
				A9AFEE0C228AEBE400D9A412 /* RVitrage.h */,
				A9AFEE0D228AEBE400D9A412 /* RVitrage.m */,
				A944B48A2288CEBE003020CD /* RCoeffGSimplifie.h */,
				A944B48B2288CEBE003020CD /* RCoeffGSimplifie.m */,
				05FBE3E81D2D4A38007B42F8 /* RCoefficientD.h */,
				05FBE3E91D2D4A38007B42F8 /* RCoefficientD.m */,
				057DF3C81E46821A006E443C /* RCoefficientG.h */,
				057DF3C91E46821A006E443C /* RCoefficientG.m */,
				05EFCD9D1DCCB56F00FCF034 /* RCoefficientMajorationBatiment.h */,
				05EFCD9E1DCCB56F00FCF034 /* RCoefficientMajorationBatiment.m */,
				9633BF0C1FDAFAD300996FE7 /* RCompostionFoyerStandard.h */,
				9633BF0A1FDAFAD200996FE7 /* RCompostionFoyerStandard.m */,
				055332E91CA00DAA00BABFB7 /* RConductivity.h */,
				055332EA1CA00DAA00BABFB7 /* RConductivity.m */,
				055332E31CA009E700BABFB7 /* RDataMaterial.h */,
				055332E41CA009E700BABFB7 /* RDataMatrial.m */,
				9633BF181FDBF9A300996FE7 /* RDebitPlomberie.h */,
				9633BF191FDBF9A300996FE7 /* RDebitPlomberie.m */,
				05FBE3E41D2D2B8F007B42F8 /* RDegreJourUnifie.h */,
				05FBE3E51D2D2B8F007B42F8 /* RDegreJourUnifie.m */,
				055F3F051CAE6C1C007B3664 /* RDepartementTemperatureExt.h */,
				055F3F061CAE6C1C007B3664 /* RDepartementTemperatureExt.m */,
				A9FBFE0B22876E51002F7046 /* RDJUClim.h */,
				A9FBFE0C22876E51002F7046 /* RDJUClim.m */,
				A92E1AD721146B2200B3C475 /* RDnGaineCirculaire.h */,
				A92E1AD621146B2200B3C475 /* RDnGaineCirculaire.m */,
				A92E1ADB21146B2200B3C475 /* RDnGaineRectangulaire.h */,
				A92E1AD921146B2200B3C475 /* RDnGaineRectangulaire.m */,
				96E301331FEBF5030080F2D1 /* RIsolantECS.h */,
				96E301321FEBF5030080F2D1 /* RIsolantECS.m */,
				9633BF081FDAFAD200996FE7 /* RLogementCompoEHPAD.h */,
				9633BF0B1FDAFAD300996FE7 /* RLogementCompoEHPAD.m */,
				96DD5A7B1FD439BB0027CD27 /* RLogementCompositionECS.h */,
				96DD5A7C1FD439BB0027CD27 /* RLogementCompositionECS.m */,
				055F3EDB1CADBED0007B3664 /* RMasseVolumiqueViscosite.h */,
				055F3EDC1CADBED0007B3664 /* RMasseVolumiqueViscosite.m */,
				055F3EDD1CADBED0007B3664 /* RPerteChargeAccident.h */,
				055F3EDE1CADBED0007B3664 /* RPerteChargeAccident.m */,
				051DA1BA1CAF26C40065AF5C /* RPerteChargeUniteCalcul.h */,
				051DA1BB1CAF26C40065AF5C /* RPerteChargeUniteCalcul.m */,
				05B20F151CC6AB0200F94E4D /* RRegimeDimensionnement.h */,
				05B20F161CC6AB0200F94E4D /* RRegimeDimensionnement.m */,
				054DBD631E53670B00503892 /* RRendementProduction.h */,
				054DBD641E53670B00503892 /* RRendementProduction.m */,
				A92E1AD821146B2200B3C475 /* RRugositeMaterial.h */,
				A92E1ADA21146B2200B3C475 /* RRugositeMaterial.m */,
				9633BF071FDAFAD100996FE7 /* RSqualitel.h */,
				9633BF091FDAFAD200996FE7 /* RSqualitel.m */,
				055F3F001CAE6B28007B3664 /* RTempExtZone.h */,
				055F3F011CAE6B28007B3664 /* RTempExtZone.m */,
				055332DC1C9E09A600BABFB7 /* RTubes.h */,
				055332DD1C9E09A600BABFB7 /* RTubes.m */,
				05B20F171CC6AB0200F94E4D /* RTypeRadiateur.h */,
				05B20F181CC6AB0200F94E4D /* RTypeRadiateur.m */,
			);
			name = class;
			sourceTree = "<group>";
		};
		68B3C7E451EDE4A3718612C5 /* Pods */ = {
			isa = PBXGroup;
			children = (
				1B9CEE4FAE36C040FA97188A /* Pods-BaticalRealm.debug.xcconfig */,
				E44BACE5805F99061A48154F /* Pods-BaticalRealm.release.xcconfig */,
			);
			name = Pods;
			sourceTree = "<group>";
		};
		7F15EAB6336AD8A20812F876 /* Frameworks */ = {
			isa = PBXGroup;
			children = (
				ECD5C90C719C135072D6ABAA /* libPods-BaticalRealm.a */,
			);
			name = Frameworks;
			sourceTree = "<group>";
		};
/* End PBXGroup section */

/* Begin PBXNativeTarget section */
		055332CE1C9E030C00BABFB7 /* BaticalRealm */ = {
			isa = PBXNativeTarget;
			buildConfigurationList = 055332D61C9E030C00BABFB7 /* Build configuration list for PBXNativeTarget "BaticalRealm" */;
			buildPhases = (
				5B333A7546BBB3AA9D2AB1E3 /* [CP] Check Pods Manifest.lock */,
				055332CB1C9E030C00BABFB7 /* Sources */,
				055332CC1C9E030C00BABFB7 /* Frameworks */,
				055332CD1C9E030C00BABFB7 /* CopyFiles */,
				2B90B8567A3AEEAB2802C785 /* [CP] Copy Pods Resources */,
			);
			buildRules = (
			);
			dependencies = (
			);
			name = BaticalRealm;
			productName = BaticalRealm;
			productReference = 055332CF1C9E030C00BABFB7 /* BaticalRealm */;
			productType = "com.apple.product-type.tool";
		};
/* End PBXNativeTarget section */

/* Begin PBXProject section */
		055332C71C9E030C00BABFB7 /* Project object */ = {
			isa = PBXProject;
			attributes = {
				LastUpgradeCheck = 0920;
				ORGANIZATIONNAME = "Sébastien Hecart";
				TargetAttributes = {
					055332CE1C9E030C00BABFB7 = {
						CreatedOnToolsVersion = 7.2.1;
					};
				};
			};
			buildConfigurationList = 055332CA1C9E030C00BABFB7 /* Build configuration list for PBXProject "BaticalRealm" */;
			compatibilityVersion = "Xcode 3.2";
			developmentRegion = English;
			hasScannedForEncodings = 0;
			knownRegions = (
				English,
				en,
			);
			mainGroup = 055332C61C9E030C00BABFB7;
			productRefGroup = 055332D01C9E030C00BABFB7 /* Products */;
			projectDirPath = "";
			projectRoot = "";
			targets = (
				055332CE1C9E030C00BABFB7 /* BaticalRealm */,
			);
		};
/* End PBXProject section */

/* Begin PBXShellScriptBuildPhase section */
		2B90B8567A3AEEAB2802C785 /* [CP] Copy Pods Resources */ = {
			isa = PBXShellScriptBuildPhase;
			buildActionMask = 2147483647;
			files = (
			);
			inputPaths = (
			);
			name = "[CP] Copy Pods Resources";
			outputPaths = (
			);
			runOnlyForDeploymentPostprocessing = 0;
			shellPath = /bin/sh;
			shellScript = "\"${SRCROOT}/Pods/Target Support Files/Pods-BaticalRealm/Pods-BaticalRealm-resources.sh\"\n";
			showEnvVarsInLog = 0;
		};
		5B333A7546BBB3AA9D2AB1E3 /* [CP] Check Pods Manifest.lock */ = {
			isa = PBXShellScriptBuildPhase;
			buildActionMask = 2147483647;
			files = (
			);
			inputPaths = (
				"${PODS_PODFILE_DIR_PATH}/Podfile.lock",
				"${PODS_ROOT}/Manifest.lock",
			);
			name = "[CP] Check Pods Manifest.lock";
			outputPaths = (
				"$(DERIVED_FILE_DIR)/Pods-BaticalRealm-checkManifestLockResult.txt",
			);
			runOnlyForDeploymentPostprocessing = 0;
			shellPath = /bin/sh;
			shellScript = "diff \"${PODS_PODFILE_DIR_PATH}/Podfile.lock\" \"${PODS_ROOT}/Manifest.lock\" > /dev/null\nif [ $? != 0 ] ; then\n    # print error to STDERR\n    echo \"error: The sandbox is not in sync with the Podfile.lock. Run 'pod install' or update your CocoaPods installation.\" >&2\n    exit 1\nfi\n# This output is used by Xcode 'outputs' to avoid re-running this script phase.\necho \"SUCCESS\" > \"${SCRIPT_OUTPUT_FILE_0}\"\n";
			showEnvVarsInLog = 0;
		};
/* End PBXShellScriptBuildPhase section */

/* Begin PBXSourcesBuildPhase section */
		055332CB1C9E030C00BABFB7 /* Sources */ = {
			isa = PBXSourcesBuildPhase;
			buildActionMask = 2147483647;
			files = (
				055F3F021CAE6B28007B3664 /* RTempExtZone.m in Sources */,
				05FBE3EA1D2D4A38007B42F8 /* RCoefficientD.m in Sources */,
				055F3EE01CADBED0007B3664 /* RPerteChargeAccident.m in Sources */,
				9633BF0F1FDAFAD300996FE7 /* RLogementCompoEHPAD.m in Sources */,
				055332E61CA009E700BABFB7 /* RDataMatrial.m in Sources */,
				A92E1ADE21146B2200B3C475 /* RRugositeMaterial.m in Sources */,
				96AEF3301FD4420000D57830 /* RCapaResine.m in Sources */,
				05B20F1A1CC6AB0200F94E4D /* RTypeRadiateur.m in Sources */,
				96DD5A7D1FD439BB0027CD27 /* RLogementCompositionECS.m in Sources */,
				A9AFEE0E228AEBE400D9A412 /* RVitrage.m in Sources */,
				05FBE3E61D2D2B8F007B42F8 /* RDegreJourUnifie.m in Sources */,
				05EFCD9F1DCCB56F00FCF034 /* RCoefficientMajorationBatiment.m in Sources */,
				A92E1ADC21146B2200B3C475 /* RDnGaineCirculaire.m in Sources */,
				96DCA2DA1FE15FC900B8E800 /* RCanalisationDebitMinMax.m in Sources */,
				A9AFEE0B228AEAFE00D9A412 /* RCoeffGDeta.m in Sources */,
				A944B48C2288CEBE003020CD /* RCoeffGSimplifie.m in Sources */,
				057DF3CA1E46821A006E443C /* RCoefficientG.m in Sources */,
				055F3F091CAE6C1C007B3664 /* RDepartementTemperatureExt.m in Sources */,
				96AEF32F1FD4420000D57830 /* RAdoucisseurDiametreDebit.m in Sources */,
				A92E1ADD21146B2200B3C475 /* RDnGaineRectangulaire.m in Sources */,
				055332EB1CA00DAA00BABFB7 /* RConductivity.m in Sources */,
				96E301341FEBF5030080F2D1 /* RIsolantECS.m in Sources */,
				055F3EDF1CADBED0007B3664 /* RMasseVolumiqueViscosite.m in Sources */,
				9633BF1A1FDBF9A400996FE7 /* RDebitPlomberie.m in Sources */,
				05B20F191CC6AB0200F94E4D /* RRegimeDimensionnement.m in Sources */,
				A9FBFE0D22876E51002F7046 /* RDJUClim.m in Sources */,
				9633BF0E1FDAFAD300996FE7 /* RCompostionFoyerStandard.m in Sources */,
				054DBD651E53670B00503892 /* RRendementProduction.m in Sources */,
				051DA1BC1CAF26C40065AF5C /* RPerteChargeUniteCalcul.m in Sources */,
				9633BF0D1FDAFAD300996FE7 /* RSqualitel.m in Sources */,
				055332DE1C9E09A600BABFB7 /* RTubes.m in Sources */,
				055332D31C9E030C00BABFB7 /* main.m in Sources */,
			);
			runOnlyForDeploymentPostprocessing = 0;
		};
/* End PBXSourcesBuildPhase section */

/* Begin XCBuildConfiguration section */
		055332D41C9E030C00BABFB7 /* Debug */ = {
			isa = XCBuildConfiguration;
			buildSettings = {
				ALWAYS_SEARCH_USER_PATHS = NO;
				CLANG_CXX_LANGUAGE_STANDARD = "gnu++0x";
				CLANG_CXX_LIBRARY = "libc++";
				CLANG_ENABLE_MODULES = YES;
				CLANG_ENABLE_OBJC_ARC = YES;
				CLANG_WARN_BLOCK_CAPTURE_AUTORELEASING = YES;
				CLANG_WARN_BOOL_CONVERSION = YES;
				CLANG_WARN_COMMA = YES;
				CLANG_WARN_CONSTANT_CONVERSION = YES;
				CLANG_WARN_DIRECT_OBJC_ISA_USAGE = YES_ERROR;
				CLANG_WARN_EMPTY_BODY = YES;
				CLANG_WARN_ENUM_CONVERSION = YES;
				CLANG_WARN_INFINITE_RECURSION = YES;
				CLANG_WARN_INT_CONVERSION = YES;
				CLANG_WARN_NON_LITERAL_NULL_CONVERSION = YES;
				CLANG_WARN_OBJC_LITERAL_CONVERSION = YES;
				CLANG_WARN_OBJC_ROOT_CLASS = YES_ERROR;
				CLANG_WARN_RANGE_LOOP_ANALYSIS = YES;
				CLANG_WARN_STRICT_PROTOTYPES = YES;
				CLANG_WARN_SUSPICIOUS_MOVE = YES;
				CLANG_WARN_UNREACHABLE_CODE = YES;
				CLANG_WARN__DUPLICATE_METHOD_MATCH = YES;
				CODE_SIGN_IDENTITY = "-";
				COPY_PHASE_STRIP = NO;
				DEBUG_INFORMATION_FORMAT = dwarf;
				ENABLE_STRICT_OBJC_MSGSEND = YES;
				ENABLE_TESTABILITY = YES;
				GCC_C_LANGUAGE_STANDARD = gnu99;
				GCC_DYNAMIC_NO_PIC = NO;
				GCC_NO_COMMON_BLOCKS = YES;
				GCC_OPTIMIZATION_LEVEL = 0;
				GCC_PREPROCESSOR_DEFINITIONS = (
					"DEBUG=1",
					"$(inherited)",
				);
				GCC_WARN_64_TO_32_BIT_CONVERSION = YES;
				GCC_WARN_ABOUT_RETURN_TYPE = YES_ERROR;
				GCC_WARN_UNDECLARED_SELECTOR = YES;
				GCC_WARN_UNINITIALIZED_AUTOS = YES_AGGRESSIVE;
				GCC_WARN_UNUSED_FUNCTION = YES;
				GCC_WARN_UNUSED_VARIABLE = YES;
				MACOSX_DEPLOYMENT_TARGET = 10.11;
				MTL_ENABLE_DEBUG_INFO = YES;
				ONLY_ACTIVE_ARCH = YES;
				SDKROOT = macosx;
			};
			name = Debug;
		};
		055332D51C9E030C00BABFB7 /* Release */ = {
			isa = XCBuildConfiguration;
			buildSettings = {
				ALWAYS_SEARCH_USER_PATHS = NO;
				CLANG_CXX_LANGUAGE_STANDARD = "gnu++0x";
				CLANG_CXX_LIBRARY = "libc++";
				CLANG_ENABLE_MODULES = YES;
				CLANG_ENABLE_OBJC_ARC = YES;
				CLANG_WARN_BLOCK_CAPTURE_AUTORELEASING = YES;
				CLANG_WARN_BOOL_CONVERSION = YES;
				CLANG_WARN_COMMA = YES;
				CLANG_WARN_CONSTANT_CONVERSION = YES;
				CLANG_WARN_DIRECT_OBJC_ISA_USAGE = YES_ERROR;
				CLANG_WARN_EMPTY_BODY = YES;
				CLANG_WARN_ENUM_CONVERSION = YES;
				CLANG_WARN_INFINITE_RECURSION = YES;
				CLANG_WARN_INT_CONVERSION = YES;
				CLANG_WARN_NON_LITERAL_NULL_CONVERSION = YES;
				CLANG_WARN_OBJC_LITERAL_CONVERSION = YES;
				CLANG_WARN_OBJC_ROOT_CLASS = YES_ERROR;
				CLANG_WARN_RANGE_LOOP_ANALYSIS = YES;
				CLANG_WARN_STRICT_PROTOTYPES = YES;
				CLANG_WARN_SUSPICIOUS_MOVE = YES;
				CLANG_WARN_UNREACHABLE_CODE = YES;
				CLANG_WARN__DUPLICATE_METHOD_MATCH = YES;
				CODE_SIGN_IDENTITY = "-";
				COPY_PHASE_STRIP = NO;
				DEBUG_INFORMATION_FORMAT = "dwarf-with-dsym";
				ENABLE_NS_ASSERTIONS = NO;
				ENABLE_STRICT_OBJC_MSGSEND = YES;
				GCC_C_LANGUAGE_STANDARD = gnu99;
				GCC_NO_COMMON_BLOCKS = YES;
				GCC_WARN_64_TO_32_BIT_CONVERSION = YES;
				GCC_WARN_ABOUT_RETURN_TYPE = YES_ERROR;
				GCC_WARN_UNDECLARED_SELECTOR = YES;
				GCC_WARN_UNINITIALIZED_AUTOS = YES_AGGRESSIVE;
				GCC_WARN_UNUSED_FUNCTION = YES;
				GCC_WARN_UNUSED_VARIABLE = YES;
				MACOSX_DEPLOYMENT_TARGET = 10.11;
				MTL_ENABLE_DEBUG_INFO = NO;
				SDKROOT = macosx;
			};
			name = Release;
		};
		055332D71C9E030C00BABFB7 /* Debug */ = {
			isa = XCBuildConfiguration;
			baseConfigurationReference = 1B9CEE4FAE36C040FA97188A /* Pods-BaticalRealm.debug.xcconfig */;
			buildSettings = {
				CLANG_ENABLE_MODULES = YES;
				LD_RUNPATH_SEARCH_PATHS = "$(inherited) @executable_path/../Frameworks @loader_path/../Frameworks";
				PRODUCT_NAME = "$(TARGET_NAME)";
				SWIFT_OBJC_BRIDGING_HEADER = "BaticalRealm/BaticalRealm-Bridging-Header.h";
				SWIFT_OPTIMIZATION_LEVEL = "-Onone";
			};
			name = Debug;
		};
		055332D81C9E030C00BABFB7 /* Release */ = {
			isa = XCBuildConfiguration;
			baseConfigurationReference = E44BACE5805F99061A48154F /* Pods-BaticalRealm.release.xcconfig */;
			buildSettings = {
				CLANG_ENABLE_MODULES = YES;
				LD_RUNPATH_SEARCH_PATHS = "$(inherited) @executable_path/../Frameworks @loader_path/../Frameworks";
				PRODUCT_NAME = "$(TARGET_NAME)";
				SWIFT_OBJC_BRIDGING_HEADER = "BaticalRealm/BaticalRealm-Bridging-Header.h";
			};
			name = Release;
		};
/* End XCBuildConfiguration section */

/* Begin XCConfigurationList section */
		055332CA1C9E030C00BABFB7 /* Build configuration list for PBXProject "BaticalRealm" */ = {
			isa = XCConfigurationList;
			buildConfigurations = (
				055332D41C9E030C00BABFB7 /* Debug */,
				055332D51C9E030C00BABFB7 /* Release */,
			);
			defaultConfigurationIsVisible = 0;
			defaultConfigurationName = Release;
		};
		055332D61C9E030C00BABFB7 /* Build configuration list for PBXNativeTarget "BaticalRealm" */ = {
			isa = XCConfigurationList;
			buildConfigurations = (
				055332D71C9E030C00BABFB7 /* Debug */,
				055332D81C9E030C00BABFB7 /* Release */,
			);
			defaultConfigurationIsVisible = 0;
			defaultConfigurationName = Release;
		};
/* End XCConfigurationList section */
	};
	rootObject = 055332C71C9E030C00BABFB7 /* Project object */;
}
